
Microsoft Visual Studio Solution File, Format Version 12.00
# Visual Studio Version 16
VisualStudioVersion = 16.0.28922.388
MinimumVisualStudioVersion = 10.0.40219.1
Project("{FAE04EC0-301F-11D3-BF4B-00C04F79EFBC}") = "Restaurante", "Restaurante\Restaurante.csproj", "{DFC6B08B-9B2E-418D-9135-C00DEFA462F6}"
EndProject
Project("{FAE04EC0-301F-11D3-BF4B-00C04F79EFBC}") = "Domain", "Domain\Domain.csproj", "{D3B1CB89-178C-4600-94EB-67A93AD8DFB6}"
EndProject
Project("{FAE04EC0-301F-11D3-BF4B-00C04F79EFBC}") = "Servicios", "Servicios\Servicios.csproj", "{3B30B9D8-BC81-42A4-805A-F1F729886C30}"
EndProject
Global
	GlobalSection(SolutionConfigurationPlatforms) = preSolution
		Debug|Any CPU = Debug|Any CPU
		Release|Any CPU = Release|Any CPU
	EndGlobalSection
	GlobalSection(ProjectConfigurationPlatforms) = postSolution
		{DFC6B08B-9B2E-418D-9135-C00DEFA462F6}.Debug|Any CPU.ActiveCfg = Debug|Any CPU
		{DFC6B08B-9B2E-418D-9135-C00DEFA462F6}.Debug|Any CPU.Build.0 = Debug|Any CPU
		{DFC6B08B-9B2E-418D-9135-C00DEFA462F6}.Release|Any CPU.ActiveCfg = Release|Any CPU
		{DFC6B08B-9B2E-418D-9135-C00DEFA462F6}.Release|Any CPU.Build.0 = Release|Any CPU
		{D3B1CB89-178C-4600-94EB-67A93AD8DFB6}.Debug|Any CPU.ActiveCfg = Debug|Any CPU
		{D3B1CB89-178C-4600-94EB-67A93AD8DFB6}.Debug|Any CPU.Build.0 = Debug|Any CPU
		{D3B1CB89-178C-4600-94EB-67A93AD8DFB6}.Release|Any CPU.ActiveCfg = Release|Any CPU
		{D3B1CB89-178C-4600-94EB-67A93AD8DFB6}.Release|Any CPU.Build.0 = Release|Any CPU
		{3B30B9D8-BC81-42A4-805A-F1F729886C30}.Debug|Any CPU.ActiveCfg = Debug|Any CPU
		{3B30B9D8-BC81-42A4-805A-F1F729886C30}.Debug|Any CPU.Build.0 = Debug|Any CPU
		{3B30B9D8-BC81-42A4-805A-F1F729886C30}.Release|Any CPU.ActiveCfg = Release|Any CPU
		{3B30B9D8-BC81-42A4-805A-F1F729886C30}.Release|Any CPU.Build.0 = Release|Any CPU
	EndGlobalSection
	GlobalSection(SolutionProperties) = preSolution
		HideSolutionNode = FALSE
	EndGlobalSection
	GlobalSection(ExtensibilityGlobals) = postSolution
		SolutionGuid = {46666F9F-FFDD-4DB0-9475-D671328C51AC}
	EndGlobalSection
EndGlobal
